
Microsoft Visual Studio Solution File, Format Version 12.00
# Visual Studio 15
VisualStudioVersion = 15.0.27130.2026
MinimumVisualStudioVersion = 10.0.40219.1
Project("{8BC9CEB8-8B4A-11D0-8D11-00A0C91BC942}") = "CQL", "CQL\CQL.vcxproj", "{213143DC-984D-41D7-9ECE-ED5BA9FB7F28}"
EndProject
Project("{8BC9CEB8-8B4A-11D0-8D11-00A0C91BC942}") = "Tests", "Tests\Tests.vcxproj", "{CF7EDCDE-D750-4254-BFB8-3D6E3E76495A}"
EndProject
Global
	GlobalSection(SolutionConfigurationPlatforms) = preSolution
		Debug|x64 = Debug|x64
		Debug|x86 = Debug|x86
		Release|x64 = Release|x64
		Release|x86 = Release|x86
	EndGlobalSection
	GlobalSection(ProjectConfigurationPlatforms) = postSolution
		{213143DC-984D-41D7-9ECE-ED5BA9FB7F28}.Debug|x64.ActiveCfg = Debug|x64
		{213143DC-984D-41D7-9ECE-ED5BA9FB7F28}.Debug|x64.Build.0 = Debug|x64
		{213143DC-984D-41D7-9ECE-ED5BA9FB7F28}.Debug|x86.ActiveCfg = Debug|Win32
		{213143DC-984D-41D7-9ECE-ED5BA9FB7F28}.Debug|x86.Build.0 = Debug|Win32
		{213143DC-984D-41D7-9ECE-ED5BA9FB7F28}.Release|x64.ActiveCfg = Release|x64
		{213143DC-984D-41D7-9ECE-ED5BA9FB7F28}.Release|x64.Build.0 = Release|x64
		{213143DC-984D-41D7-9ECE-ED5BA9FB7F28}.Release|x86.ActiveCfg = Release|Win32
		{213143DC-984D-41D7-9ECE-ED5BA9FB7F28}.Release|x86.Build.0 = Release|Win32
		{CF7EDCDE-D750-4254-BFB8-3D6E3E76495A}.Debug|x64.ActiveCfg = Debug|x64
		{CF7EDCDE-D750-4254-BFB8-3D6E3E76495A}.Debug|x64.Build.0 = Debug|x64
		{CF7EDCDE-D750-4254-BFB8-3D6E3E76495A}.Debug|x86.ActiveCfg = Debug|Win32
		{CF7EDCDE-D750-4254-BFB8-3D6E3E76495A}.Debug|x86.Build.0 = Debug|Win32
		{CF7EDCDE-D750-4254-BFB8-3D6E3E76495A}.Release|x64.ActiveCfg = Release|x64
		{CF7EDCDE-D750-4254-BFB8-3D6E3E76495A}.Release|x64.Build.0 = Release|x64
		{CF7EDCDE-D750-4254-BFB8-3D6E3E76495A}.Release|x86.ActiveCfg = Release|Win32
		{CF7EDCDE-D750-4254-BFB8-3D6E3E76495A}.Release|x86.Build.0 = Release|Win32
	EndGlobalSection
	GlobalSection(SolutionProperties) = preSolution
		HideSolutionNode = FALSE
	EndGlobalSection
	GlobalSection(ExtensibilityGlobals) = postSolution
		SolutionGuid = {4D9E6E06-6CD8-44A3-BF97-C879C8AE4458}
	EndGlobalSection
EndGlobal
