<?xml version="1.0" encoding="utf-8"?>
<Project ToolsVersion="4.0" xmlns="http://schemas.microsoft.com/developer/msbuild/2003">
  <ItemGroup>
    <ClCompile Include="IntSet.cpp">
      <Filter>Test</Filter>
    </ClCompile>
    <ClCompile Include="SimpleUser.cpp">
      <Filter>Test</Filter>
    </ClCompile>
    <ClCompile Include="StringIntTuple.cpp">
      <Filter>Test</Filter>
    </ClCompile>
    <ClCompile Include="Point.cpp">
      <Filter>Test</Filter>
    </ClCompile>
  </ItemGroup>
  <ItemGroup>
    <Filter Include="Test">
      <UniqueIdentifier>{bbcd2b91-dbed-47a7-8fac-03df0886a7c3}</UniqueIdentifier>
    </Filter>
    <Filter Include="Headers">
      <UniqueIdentifier>{1db8e0c2-833e-4961-860f-3f73a77d200f}</UniqueIdentifier>
    </Filter>
  </ItemGroup>
  <ItemGroup>
    <None Include="packages.config" />
    <None Include="..\.travis.yml" />
    <None Include="..\appveyor.yml" />
  </ItemGroup>
  <ItemGroup>
    <ClInclude Include="SimpleUser.hpp">
      <Filter>Headers</Filter>
    </ClInclude>
    <ClInclude Include="Point.h">
      <Filter>Headers</Filter>
    </ClInclude>
  </ItemGroup>
  <ItemGroup>
    <Text Include="..\CMakeLists.txt" />
  </ItemGroup>
</Project>